
Microsoft Visual Studio Solution File, Format Version 12.00
# Visual Studio 2013
VisualStudioVersion = 12.0.31101.0
MinimumVisualStudioVersion = 10.0.40219.1
Project("{FAE04EC0-301F-11D3-BF4B-00C04F79EFBC}") = "HttpClientToolBox", "HttpClientToolBox\HttpClientToolBox.csproj", "{6ED301EC-3B7C-44D2-9E1A-49DC4E685C64}"
EndProject
Project("{FAE04EC0-301F-11D3-BF4B-00C04F79EFBC}") = "HttpClientToolBox.Tests", "HttpClientToolBox.Tests\HttpClientToolBox.Tests.csproj", "{7EFDE89C-AB20-4756-9519-B92880D9133D}"
EndProject
Project("{FAE04EC0-301F-11D3-BF4B-00C04F79EFBC}") = "ColorToolboxTests", "ColorToolboxTests\ColorToolboxTests.csproj", "{A5366772-06FB-4659-BE07-B659E0ADC3B0}"
EndProject
Project("{FAE04EC0-301F-11D3-BF4B-00C04F79EFBC}") = "ColorToolbox", "ColorToolbox\ColorToolbox.csproj", "{C58E43C0-F6C3-4E1E-B03F-7C9C4FFC544B}"
EndProject
Project("{FAE04EC0-301F-11D3-BF4B-00C04F79EFBC}") = "ObjectRSAEncrypter", "ObjectRSAEncrypter\ObjectRSAEncrypter.csproj", "{035C3B7C-83AA-4A3B-B4EC-C46F7AC20AA5}"
EndProject
Project("{FAE04EC0-301F-11D3-BF4B-00C04F79EFBC}") = "ObjectRSAEncrypter.Tests", "ObjectRSAEncrypter.Tests\ObjectRSAEncrypter.Tests.csproj", "{37B24B33-941F-49AF-A09B-A20FE5CE4338}"
EndProject
Global
	GlobalSection(SolutionConfigurationPlatforms) = preSolution
		Debug|Any CPU = Debug|Any CPU
		Release|Any CPU = Release|Any CPU
	EndGlobalSection
	GlobalSection(ProjectConfigurationPlatforms) = postSolution
		{6ED301EC-3B7C-44D2-9E1A-49DC4E685C64}.Debug|Any CPU.ActiveCfg = Debug|Any CPU
		{6ED301EC-3B7C-44D2-9E1A-49DC4E685C64}.Debug|Any CPU.Build.0 = Debug|Any CPU
		{6ED301EC-3B7C-44D2-9E1A-49DC4E685C64}.Release|Any CPU.ActiveCfg = Release|Any CPU
		{6ED301EC-3B7C-44D2-9E1A-49DC4E685C64}.Release|Any CPU.Build.0 = Release|Any CPU
		{7EFDE89C-AB20-4756-9519-B92880D9133D}.Debug|Any CPU.ActiveCfg = Debug|Any CPU
		{7EFDE89C-AB20-4756-9519-B92880D9133D}.Debug|Any CPU.Build.0 = Debug|Any CPU
		{7EFDE89C-AB20-4756-9519-B92880D9133D}.Release|Any CPU.ActiveCfg = Release|Any CPU
		{7EFDE89C-AB20-4756-9519-B92880D9133D}.Release|Any CPU.Build.0 = Release|Any CPU
		{A5366772-06FB-4659-BE07-B659E0ADC3B0}.Debug|Any CPU.ActiveCfg = Debug|Any CPU
		{A5366772-06FB-4659-BE07-B659E0ADC3B0}.Debug|Any CPU.Build.0 = Debug|Any CPU
		{A5366772-06FB-4659-BE07-B659E0ADC3B0}.Release|Any CPU.ActiveCfg = Release|Any CPU
		{A5366772-06FB-4659-BE07-B659E0ADC3B0}.Release|Any CPU.Build.0 = Release|Any CPU
		{C58E43C0-F6C3-4E1E-B03F-7C9C4FFC544B}.Debug|Any CPU.ActiveCfg = Debug|Any CPU
		{C58E43C0-F6C3-4E1E-B03F-7C9C4FFC544B}.Debug|Any CPU.Build.0 = Debug|Any CPU
		{C58E43C0-F6C3-4E1E-B03F-7C9C4FFC544B}.Release|Any CPU.ActiveCfg = Release|Any CPU
		{C58E43C0-F6C3-4E1E-B03F-7C9C4FFC544B}.Release|Any CPU.Build.0 = Release|Any CPU
		{035C3B7C-83AA-4A3B-B4EC-C46F7AC20AA5}.Debug|Any CPU.ActiveCfg = Debug|Any CPU
		{035C3B7C-83AA-4A3B-B4EC-C46F7AC20AA5}.Debug|Any CPU.Build.0 = Debug|Any CPU
		{035C3B7C-83AA-4A3B-B4EC-C46F7AC20AA5}.Release|Any CPU.ActiveCfg = Release|Any CPU
		{035C3B7C-83AA-4A3B-B4EC-C46F7AC20AA5}.Release|Any CPU.Build.0 = Release|Any CPU
		{37B24B33-941F-49AF-A09B-A20FE5CE4338}.Debug|Any CPU.ActiveCfg = Debug|Any CPU
		{37B24B33-941F-49AF-A09B-A20FE5CE4338}.Debug|Any CPU.Build.0 = Debug|Any CPU
		{37B24B33-941F-49AF-A09B-A20FE5CE4338}.Release|Any CPU.ActiveCfg = Release|Any CPU
		{37B24B33-941F-49AF-A09B-A20FE5CE4338}.Release|Any CPU.Build.0 = Release|Any CPU
	EndGlobalSection
	GlobalSection(SolutionProperties) = preSolution
		HideSolutionNode = FALSE
	EndGlobalSection
EndGlobal
